{
    "22575647": {
        "24522452": "$2b$12$NM.5Fn55i2umYXR8T4q/QuF2AR0FqNiLo5zMVOImken3FIlIZ1NMO",
        "45342255": "$2b$12$U.x8vwdzstUcDm2BanMjT.ugNfwiODkEZF3K7QSkId/.uFjOysa8a"
    },
    "85425423": {
        "24522452": "$2b$12$NM.5Fn55i2umYXR8T4q/QuF2AR0FqNiLo5zMVOImken3FIlIZ1NMO",
        "45342255": "$2b$12$U.x8vwdzstUcDm2BanMjT.ugNfwiODkEZF3K7QSkId/.uFjOysa8a"
    }
}